
Microsoft Visual Studio Solution File, Format Version 12.00
# Visual Studio Version 17
VisualStudioVersion = 17.9.34607.119
MinimumVisualStudioVersion = 10.0.40219.1
Project("{9A19103F-16F7-4668-BE54-9A1E7A4F7556}") = "ADM.Domain", "CoreBusiness\ADM.Domain\ADM.Domain.csproj", "{A2E1A4D4-36A1-49C7-816F-AF85ED1EEB65}"
EndProject
Project("{9A19103F-16F7-4668-BE54-9A1E7A4F7556}") = "Memory.Domain", "CoreBusiness\Memory.Domain\Memory.Domain.csproj", "{3D3EC1C9-1442-4DC3-83B9-3CD2426DD553}"
EndProject
Project("{2150E333-8FDC-42A3-9474-1A3956D46DE8}") = "CoreBusiness", "CoreBusiness", "{D6AE41D3-2E02-4049-8AE5-04A3B347C28C}"
EndProject
Project("{9A19103F-16F7-4668-BE54-9A1E7A4F7556}") = "UseCases", "UseCases\UseCases\UseCases.csproj", "{F3A8E8D8-BE52-4803-9279-E6E1CAA19700}"
EndProject
Project("{9A19103F-16F7-4668-BE54-9A1E7A4F7556}") = "WORK.Domain", "CoreBusiness\WORK.Domain\WORK.Domain.csproj", "{3D20708E-2A73-4FB3-B252-8A76A46653A5}"
EndProject
Project("{2150E333-8FDC-42A3-9474-1A3956D46DE8}") = "Plugins", "Plugins", "{11F81AFB-FC88-404A-A4E2-F7F64EA371EC}"
EndProject
Project("{9A19103F-16F7-4668-BE54-9A1E7A4F7556}") = "Plugins.ADM.MSSQL", "Plugins\Plugins.ADM.MSSQL\Plugins.ADM.MSSQL.csproj", "{92DE6E20-1CC4-4D87-ACDA-2144EE7BDE93}"
EndProject
Project("{9A19103F-16F7-4668-BE54-9A1E7A4F7556}") = "PA.Domain", "CoreBusiness\PA.Domain\PA.Domain.csproj", "{7B3B5295-CAC0-4CA0-9B78-BF2C09AF4D5A}"
EndProject
Project("{2150E333-8FDC-42A3-9474-1A3956D46DE8}") = "Tests", "Tests", "{55E690D8-5B97-48C0-AC92-1549DF7A1E46}"
EndProject
Project("{9A19103F-16F7-4668-BE54-9A1E7A4F7556}") = "ADM.Tests", "Tests\ADM.Tests\ADM.Tests.csproj", "{2314E186-28FE-4E7C-BEEF-29A228CBB64C}"
EndProject
Project("{9A19103F-16F7-4668-BE54-9A1E7A4F7556}") = "Plugins.WORK.MSSQL", "Plugins\Plugins.WORK.MSSQL\Plugins.WORK.MSSQL.csproj", "{EF6CFEFA-E675-4F00-80CA-F5963E6E7CF6}"
EndProject
Global
	GlobalSection(SolutionConfigurationPlatforms) = preSolution
		Debug|Any CPU = Debug|Any CPU
		Release|Any CPU = Release|Any CPU
	EndGlobalSection
	GlobalSection(ProjectConfigurationPlatforms) = postSolution
		{A2E1A4D4-36A1-49C7-816F-AF85ED1EEB65}.Debug|Any CPU.ActiveCfg = Debug|Any CPU
		{A2E1A4D4-36A1-49C7-816F-AF85ED1EEB65}.Debug|Any CPU.Build.0 = Debug|Any CPU
		{A2E1A4D4-36A1-49C7-816F-AF85ED1EEB65}.Release|Any CPU.ActiveCfg = Release|Any CPU
		{A2E1A4D4-36A1-49C7-816F-AF85ED1EEB65}.Release|Any CPU.Build.0 = Release|Any CPU
		{3D3EC1C9-1442-4DC3-83B9-3CD2426DD553}.Debug|Any CPU.ActiveCfg = Debug|Any CPU
		{3D3EC1C9-1442-4DC3-83B9-3CD2426DD553}.Debug|Any CPU.Build.0 = Debug|Any CPU
		{3D3EC1C9-1442-4DC3-83B9-3CD2426DD553}.Release|Any CPU.ActiveCfg = Release|Any CPU
		{3D3EC1C9-1442-4DC3-83B9-3CD2426DD553}.Release|Any CPU.Build.0 = Release|Any CPU
		{F3A8E8D8-BE52-4803-9279-E6E1CAA19700}.Debug|Any CPU.ActiveCfg = Debug|Any CPU
		{F3A8E8D8-BE52-4803-9279-E6E1CAA19700}.Debug|Any CPU.Build.0 = Debug|Any CPU
		{F3A8E8D8-BE52-4803-9279-E6E1CAA19700}.Release|Any CPU.ActiveCfg = Release|Any CPU
		{F3A8E8D8-BE52-4803-9279-E6E1CAA19700}.Release|Any CPU.Build.0 = Release|Any CPU
		{3D20708E-2A73-4FB3-B252-8A76A46653A5}.Debug|Any CPU.ActiveCfg = Debug|Any CPU
		{3D20708E-2A73-4FB3-B252-8A76A46653A5}.Debug|Any CPU.Build.0 = Debug|Any CPU
		{3D20708E-2A73-4FB3-B252-8A76A46653A5}.Release|Any CPU.ActiveCfg = Release|Any CPU
		{3D20708E-2A73-4FB3-B252-8A76A46653A5}.Release|Any CPU.Build.0 = Release|Any CPU
		{92DE6E20-1CC4-4D87-ACDA-2144EE7BDE93}.Debug|Any CPU.ActiveCfg = Debug|Any CPU
		{92DE6E20-1CC4-4D87-ACDA-2144EE7BDE93}.Debug|Any CPU.Build.0 = Debug|Any CPU
		{92DE6E20-1CC4-4D87-ACDA-2144EE7BDE93}.Release|Any CPU.ActiveCfg = Release|Any CPU
		{92DE6E20-1CC4-4D87-ACDA-2144EE7BDE93}.Release|Any CPU.Build.0 = Release|Any CPU
		{7B3B5295-CAC0-4CA0-9B78-BF2C09AF4D5A}.Debug|Any CPU.ActiveCfg = Debug|Any CPU
		{7B3B5295-CAC0-4CA0-9B78-BF2C09AF4D5A}.Debug|Any CPU.Build.0 = Debug|Any CPU
		{7B3B5295-CAC0-4CA0-9B78-BF2C09AF4D5A}.Release|Any CPU.ActiveCfg = Release|Any CPU
		{7B3B5295-CAC0-4CA0-9B78-BF2C09AF4D5A}.Release|Any CPU.Build.0 = Release|Any CPU
		{2314E186-28FE-4E7C-BEEF-29A228CBB64C}.Debug|Any CPU.ActiveCfg = Debug|Any CPU
		{2314E186-28FE-4E7C-BEEF-29A228CBB64C}.Debug|Any CPU.Build.0 = Debug|Any CPU
		{2314E186-28FE-4E7C-BEEF-29A228CBB64C}.Release|Any CPU.ActiveCfg = Release|Any CPU
		{2314E186-28FE-4E7C-BEEF-29A228CBB64C}.Release|Any CPU.Build.0 = Release|Any CPU
		{EF6CFEFA-E675-4F00-80CA-F5963E6E7CF6}.Debug|Any CPU.ActiveCfg = Debug|Any CPU
		{EF6CFEFA-E675-4F00-80CA-F5963E6E7CF6}.Debug|Any CPU.Build.0 = Debug|Any CPU
		{EF6CFEFA-E675-4F00-80CA-F5963E6E7CF6}.Release|Any CPU.ActiveCfg = Release|Any CPU
		{EF6CFEFA-E675-4F00-80CA-F5963E6E7CF6}.Release|Any CPU.Build.0 = Release|Any CPU
	EndGlobalSection
	GlobalSection(SolutionProperties) = preSolution
		HideSolutionNode = FALSE
	EndGlobalSection
	GlobalSection(NestedProjects) = preSolution
		{A2E1A4D4-36A1-49C7-816F-AF85ED1EEB65} = {D6AE41D3-2E02-4049-8AE5-04A3B347C28C}
		{3D3EC1C9-1442-4DC3-83B9-3CD2426DD553} = {D6AE41D3-2E02-4049-8AE5-04A3B347C28C}
		{3D20708E-2A73-4FB3-B252-8A76A46653A5} = {D6AE41D3-2E02-4049-8AE5-04A3B347C28C}
		{92DE6E20-1CC4-4D87-ACDA-2144EE7BDE93} = {11F81AFB-FC88-404A-A4E2-F7F64EA371EC}
		{7B3B5295-CAC0-4CA0-9B78-BF2C09AF4D5A} = {D6AE41D3-2E02-4049-8AE5-04A3B347C28C}
		{2314E186-28FE-4E7C-BEEF-29A228CBB64C} = {55E690D8-5B97-48C0-AC92-1549DF7A1E46}
		{EF6CFEFA-E675-4F00-80CA-F5963E6E7CF6} = {11F81AFB-FC88-404A-A4E2-F7F64EA371EC}
	EndGlobalSection
	GlobalSection(ExtensibilityGlobals) = postSolution
		SolutionGuid = {2F9D7451-BBA3-4124-8130-7BD1F1C44481}
	EndGlobalSection
EndGlobal
